PODS:
  - ffmpeg-kit-ios-https-gpl (5.1)
  - ffmpeg_kit_flutter_https_gpl (5.1.0):
    - ffmpeg_kit_flutter_https_gpl/https-gpl (= 5.1.0)
    - Flutter
  - ffmpeg_kit_flutter_https_gpl/https-gpl (5.1.0):
    - ffmpeg-kit-ios-https-gpl (= 5.1)
    - Flutter
  - Flutter (1.0.0)
  - gallery_saver (0.0.1):
    - Flutter
  - path_provider_foundation (0.0.1):
    - Flutter
    - FlutterMacOS
  - video_player_avfoundation (0.0.1):
    - Flutter

DEPENDENCIES:
  - ffmpeg_kit_flutter_https_gpl (from `.symlinks/plugins/ffmpeg_kit_flutter_https_gpl/ios`)
  - Flutter (from `Flutter`)
  - gallery_saver (from `.symlinks/plugins/gallery_saver/ios`)
  - path_provider_foundation (from `.symlinks/plugins/path_provider_foundation/darwin`)
  - video_player_avfoundation (from `.symlinks/plugins/video_player_avfoundation/ios`)

SPEC REPOS:
  trunk:
    - ffmpeg-kit-ios-https-gpl

EXTERNAL SOURCES:
  ffmpeg_kit_flutter_https_gpl:
    :path: ".symlinks/plugins/ffmpeg_kit_flutter_https_gpl/ios"
  Flutter:
    :path: Flutter
  gallery_saver:
    :path: ".symlinks/plugins/gallery_saver/ios"
  path_provider_foundation:
    :path: ".symlinks/plugins/path_provider_foundation/darwin"
  video_player_avfoundation:
    :path: ".symlinks/plugins/video_player_avfoundation/ios"

SPEC CHECKSUMS:
  ffmpeg-kit-ios-https-gpl: e43266620f2b601959b473be4a09ea190d7d9c40
  ffmpeg_kit_flutter_https_gpl: 6434a09be0b21b6ee399e855935684f5e81cb5b7
  Flutter: f04841e97a9d0b0a8025694d0796dd46242b2854
  gallery_saver: 9fc173c9f4fcc48af53b2a9ebea1b643255be542
  path_provider_foundation: 37748e03f12783f9de2cb2c4eadfaa25fe6d4852
  video_player_avfoundation: e489aac24ef5cf7af82702979ed16f2a5ef84cff

PODFILE CHECKSUM: cc1f88378b4bfcf93a6ce00d2c587857c6008d3b

COCOAPODS: 1.11.3
